// !$*UTF8*$!
{
	archiveVersion = 1;
	classes = {
	};
	objectVersion = 46;
	objects = {

/* Begin PBXBuildFile section */
		9F1521A01D64B44C00B264B0 /* AppDelegate.swift in Sources */ = {isa = PBXBuildFile; fileRef = 9F15219F1D64B44C00B264B0 /* AppDelegate.swift */; };
		9F1521A21D64B44C00B264B0 /* ViewController.swift in Sources */ = {isa = PBXBuildFile; fileRef = 9F1521A11D64B44C00B264B0 /* ViewController.swift */; };
		9F1521A51D64B44C00B264B0 /* Main.storyboard in Resources */ = {isa = PBXBuildFile; fileRef = 9F1521A31D64B44C00B264B0 /* Main.storyboard */; };
		9F1521A71D64B44C00B264B0 /* Assets.xcassets in Resources */ = {isa = PBXBuildFile; fileRef = 9F1521A61D64B44C00B264B0 /* Assets.xcassets */; };
		9F1521AA1D64B44C00B264B0 /* LaunchScreen.storyboard in Resources */ = {isa = PBXBuildFile; fileRef = 9F1521A81D64B44C00B264B0 /* LaunchScreen.storyboard */; };
		9F1521B51D64B44C00B264B0 /* ArcoholTests.swift in Sources */ = {isa = PBXBuildFile; fileRef = 9F1521B41D64B44C00B264B0 /* ArcoholTests.swift */; };
		9F1521C01D64B44C00B264B0 /* ArcoholUITests.swift in Sources */ = {isa = PBXBuildFile; fileRef = 9F1521BF1D64B44C00B264B0 /* ArcoholUITests.swift */; };
		ADED5A4A7FAAEB58E3F4CE5A /* Pods_Arcohol.framework in Frameworks */ = {isa = PBXBuildFile; fileRef = AC470D94A770592370B6469A /* Pods_Arcohol.framework */; };
/* End PBXBuildFile section */

/* Begin PBXContainerItemProxy section */
		9F1521B11D64B44C00B264B0 /* PBXContainerItemProxy */ = {
			isa = PBXContainerItemProxy;
			containerPortal = 9F1521941D64B44C00B264B0 /* Project object */;
			proxyType = 1;
			remoteGlobalIDString = 9F15219B1D64B44C00B264B0;
			remoteInfo = Arcohol;
		};
		9F1521BC1D64B44C00B264B0 /* PBXContainerItemProxy */ = {
			isa = PBXContainerItemProxy;
			containerPortal = 9F1521941D64B44C00B264B0 /* Project object */;
			proxyType = 1;
			remoteGlobalIDString = 9F15219B1D64B44C00B264B0;
			remoteInfo = Arcohol;
		};
/* End PBXContainerItemProxy section */

/* Begin PBXFileReference section */
		9F15219C1D64B44C00B264B0 /* Arcohol.app */ = {isa = PBXFileReference; explicitFileType = wrapper.application; includeInIndex = 0; path = Arcohol.app; sourceTree = BUILT_PRODUCTS_DIR; };
		9F15219F1D64B44C00B264B0 /* AppDelegate.swift */ = {isa = PBXFileReference; lastKnownFileType = sourcecode.swift; path = AppDelegate.swift; sourceTree = "<group>"; };
		9F1521A11D64B44C00B264B0 /* ViewController.swift */ = {isa = PBXFileReference; lastKnownFileType = sourcecode.swift; path = ViewController.swift; sourceTree = "<group>"; };
		9F1521A41D64B44C00B264B0 /* Base */ = {isa = PBXFileReference; lastKnownFileType = file.storyboard; name = Base; path = Base.lproj/Main.storyboard; sourceTree = "<group>"; };
		9F1521A61D64B44C00B264B0 /* Assets.xcassets */ = {isa = PBXFileReference; lastKnownFileType = folder.assetcatalog; path = Assets.xcassets; sourceTree = "<group>"; };
		9F1521A91D64B44C00B264B0 /* Base */ = {isa = PBXFileReference; lastKnownFileType = file.storyboard; name = Base; path = Base.lproj/LaunchScreen.storyboard; sourceTree = "<group>"; };
		9F1521AB1D64B44C00B264B0 /* Info.plist */ = {isa = PBXFileReference; lastKnownFileType = text.plist.xml; path = Info.plist; sourceTree = "<group>"; };
		9F1521B01D64B44C00B264B0 /* ArcoholTests.xctest */ = {isa = PBXFileReference; explicitFileType = wrapper.cfbundle; includeInIndex = 0; path = ArcoholTests.xctest; sourceTree = BUILT_PRODUCTS_DIR; };
		9F1521B41D64B44C00B264B0 /* ArcoholTests.swift */ = {isa = PBXFileReference; lastKnownFileType = sourcecode.swift; path = ArcoholTests.swift; sourceTree = "<group>"; };
		9F1521B61D64B44C00B264B0 /* Info.plist */ = {isa = PBXFileReference; lastKnownFileType = text.plist.xml; path = Info.plist; sourceTree = "<group>"; };
		9F1521BB1D64B44C00B264B0 /* ArcoholUITests.xctest */ = {isa = PBXFileReference; explicitFileType = wrapper.cfbundle; includeInIndex = 0; path = ArcoholUITests.xctest; sourceTree = BUILT_PRODUCTS_DIR; };
		9F1521BF1D64B44C00B264B0 /* ArcoholUITests.swift */ = {isa = PBXFileReference; lastKnownFileType = sourcecode.swift; path = ArcoholUITests.swift; sourceTree = "<group>"; };
		9F1521C11D64B44C00B264B0 /* Info.plist */ = {isa = PBXFileReference; lastKnownFileType = text.plist.xml; path = Info.plist; sourceTree = "<group>"; };
		AC470D94A770592370B6469A /* Pods_Arcohol.framework */ = {isa = PBXFileReference; explicitFileType = wrapper.framework; includeInIndex = 0; path = Pods_Arcohol.framework; sourceTree = BUILT_PRODUCTS_DIR; };
		C1C016B2B82328F6D95A36AC /* Pods-Arcohol.debug.xcconfig */ = {isa = PBXFileReference; includeInIndex = 1; lastKnownFileType = text.xcconfig; name = "Pods-Arcohol.debug.xcconfig"; path = "Pods/Target Support Files/Pods-Arcohol/Pods-Arcohol.debug.xcconfig"; sourceTree = "<group>"; };
		C21443A2F8BB465444B72894 /* Pods-Arcohol.release.xcconfig */ = {isa = PBXFileReference; includeInIndex = 1; lastKnownFileType = text.xcconfig; name = "Pods-Arcohol.release.xcconfig"; path = "Pods/Target Support Files/Pods-Arcohol/Pods-Arcohol.release.xcconfig"; sourceTree = "<group>"; };
/* End PBXFileReference section */

/* Begin PBXFrameworksBuildPhase section */
		9F1521991D64B44C00B264B0 /* Frameworks */ = {
			isa = PBXFrameworksBuildPhase;
			buildActionMask = 2147483647;
			files = (
				ADED5A4A7FAAEB58E3F4CE5A /* Pods_Arcohol.framework in Frameworks */,
			);
			runOnlyForDeploymentPostprocessing = 0;
		};
		9F1521AD1D64B44C00B264B0 /* Frameworks */ = {
			isa = PBXFrameworksBuildPhase;
			buildActionMask = 2147483647;
			files = (
			);
			runOnlyForDeploymentPostprocessing = 0;
		};
		9F1521B81D64B44C00B264B0 /* Frameworks */ = {
			isa = PBXFrameworksBuildPhase;
			buildActionMask = 2147483647;
			files = (
			);
			runOnlyForDeploymentPostprocessing = 0;
		};
/* End PBXFrameworksBuildPhase section */

/* Begin PBXGroup section */
		195D31752A4EF1145A7970FF /* Frameworks */ = {
			isa = PBXGroup;
			children = (
				AC470D94A770592370B6469A /* Pods_Arcohol.framework */,
			);
			name = Frameworks;
			sourceTree = "<group>";
		};
		9F1521931D64B44C00B264B0 = {
			isa = PBXGroup;
			children = (
				9F15219E1D64B44C00B264B0 /* Arcohol */,
				9F1521B31D64B44C00B264B0 /* ArcoholTests */,
				9F1521BE1D64B44C00B264B0 /* ArcoholUITests */,
				9F15219D1D64B44C00B264B0 /* Products */,
				C15D82ECA12CDC70BE8544FB /* Pods */,
				195D31752A4EF1145A7970FF /* Frameworks */,
			);
			sourceTree = "<group>";
		};
		9F15219D1D64B44C00B264B0 /* Products */ = {
			isa = PBXGroup;
			children = (
				9F15219C1D64B44C00B264B0 /* Arcohol.app */,
				9F1521B01D64B44C00B264B0 /* ArcoholTests.xctest */,
				9F1521BB1D64B44C00B264B0 /* ArcoholUITests.xctest */,
			);
			name = Products;
			sourceTree = "<group>";
		};
		9F15219E1D64B44C00B264B0 /* Arcohol */ = {
			isa = PBXGroup;
			children = (
				9F15219F1D64B44C00B264B0 /* AppDelegate.swift */,
				9F1521A11D64B44C00B264B0 /* ViewController.swift */,
				9F1521A31D64B44C00B264B0 /* Main.storyboard */,
				9F1521A61D64B44C00B264B0 /* Assets.xcassets */,
				9F1521A81D64B44C00B264B0 /* LaunchScreen.storyboard */,
				9F1521AB1D64B44C00B264B0 /* Info.plist */,
			);
			path = Arcohol;
			sourceTree = "<group>";
		};
		9F1521B31D64B44C00B264B0 /* ArcoholTests */ = {
			isa = PBXGroup;
			children = (
				9F1521B41D64B44C00B264B0 /* ArcoholTests.swift */,
				9F1521B61D64B44C00B264B0 /* Info.plist */,
			);
			path = ArcoholTests;
			sourceTree = "<group>";
		};
		9F1521BE1D64B44C00B264B0 /* ArcoholUITests */ = {
			isa = PBXGroup;
			children = (
				9F1521BF1D64B44C00B264B0 /* ArcoholUITests.swift */,
				9F1521C11D64B44C00B264B0 /* Info.plist */,
			);
			path = ArcoholUITests;
			sourceTree = "<group>";
		};
		C15D82ECA12CDC70BE8544FB /* Pods */ = {
			isa = PBXGroup;
			children = (
				C1C016B2B82328F6D95A36AC /* Pods-Arcohol.debug.xcconfig */,
				C21443A2F8BB465444B72894 /* Pods-Arcohol.release.xcconfig */,
			);
			name = Pods;
			sourceTree = "<group>";
		};
/* End PBXGroup section */

/* Begin PBXNativeTarget section */
		9F15219B1D64B44C00B264B0 /* Arcohol */ = {
			isa = PBXNativeTarget;
			buildConfigurationList = 9F1521C41D64B44C00B264B0 /* Build configuration list for PBXNativeTarget "Arcohol" */;
			buildPhases = (
				6CB38A9F153C4A370E2CEC61 /* [CP] Check Pods Manifest.lock */,
				9F1521981D64B44C00B264B0 /* Sources */,
				9F1521991D64B44C00B264B0 /* Frameworks */,
				9F15219A1D64B44C00B264B0 /* Resources */,
				C4BCC4BE65CC058E1F1EF4CF /* [CP] Embed Pods Frameworks */,
				91E13C784E6DEAE4479DE349 /* [CP] Copy Pods Resources */,
			);
			buildRules = (
			);
			dependencies = (
			);
			name = Arcohol;
			productName = Arcohol;
			productReference = 9F15219C1D64B44C00B264B0 /* Arcohol.app */;
			productType = "com.apple.product-type.application";
		};
		9F1521AF1D64B44C00B264B0 /* ArcoholTests */ = {
			isa = PBXNativeTarget;
			buildConfigurationList = 9F1521C71D64B44C00B264B0 /* Build configuration list for PBXNativeTarget "ArcoholTests" */;
			buildPhases = (
				9F1521AC1D64B44C00B264B0 /* Sources */,
				9F1521AD1D64B44C00B264B0 /* Frameworks */,
				9F1521AE1D64B44C00B264B0 /* Resources */,
			);
			buildRules = (
			);
			dependencies = (
				9F1521B21D64B44C00B264B0 /* PBXTargetDependency */,
			);
			name = ArcoholTests;
			productName = ArcoholTests;
			productReference = 9F1521B01D64B44C00B264B0 /* ArcoholTests.xctest */;
			productType = "com.apple.product-type.bundle.unit-test";
		};
		9F1521BA1D64B44C00B264B0 /* ArcoholUITests */ = {
			isa = PBXNativeTarget;
			buildConfigurationList = 9F1521CA1D64B44C00B264B0 /* Build configuration list for PBXNativeTarget "ArcoholUITests" */;
			buildPhases = (
				9F1521B71D64B44C00B264B0 /* Sources */,
				9F1521B81D64B44C00B264B0 /* Frameworks */,
				9F1521B91D64B44C00B264B0 /* Resources */,
			);
			buildRules = (
			);
			dependencies = (
				9F1521BD1D64B44C00B264B0 /* PBXTargetDependency */,
			);
			name = ArcoholUITests;
			productName = ArcoholUITests;
			productReference = 9F1521BB1D64B44C00B264B0 /* ArcoholUITests.xctest */;
			productType = "com.apple.product-type.bundle.ui-testing";
		};
/* End PBXNativeTarget section */

/* Begin PBXProject section */
		9F1521941D64B44C00B264B0 /* Project object */ = {
			isa = PBXProject;
			attributes = {
				LastSwiftUpdateCheck = 0730;
				LastUpgradeCheck = 0730;
				ORGANIZATIONNAME = "Manuel Marcos Regalado";
				TargetAttributes = {
					9F15219B1D64B44C00B264B0 = {
						CreatedOnToolsVersion = 7.3.1;
					};
					9F1521AF1D64B44C00B264B0 = {
						CreatedOnToolsVersion = 7.3.1;
						TestTargetID = 9F15219B1D64B44C00B264B0;
					};
					9F1521BA1D64B44C00B264B0 = {
						CreatedOnToolsVersion = 7.3.1;
						TestTargetID = 9F15219B1D64B44C00B264B0;
					};
				};
			};
			buildConfigurationList = 9F1521971D64B44C00B264B0 /* Build configuration list for PBXProject "Arcohol" */;
			compatibilityVersion = "Xcode 3.2";
			developmentRegion = English;
			hasScannedForEncodings = 0;
			knownRegions = (
				en,
				Base,
			);
			mainGroup = 9F1521931D64B44C00B264B0;
			productRefGroup = 9F15219D1D64B44C00B264B0 /* Products */;
			projectDirPath = "";
			projectRoot = "";
			targets = (
				9F15219B1D64B44C00B264B0 /* Arcohol */,
				9F1521AF1D64B44C00B264B0 /* ArcoholTests */,
				9F1521BA1D64B44C00B264B0 /* ArcoholUITests */,
			);
		};
/* End PBXProject section */

/* Begin PBXResourcesBuildPhase section */
		9F15219A1D64B44C00B264B0 /* Resources */ = {
			isa = PBXResourcesBuildPhase;
			buildActionMask = 2147483647;
			files = (
				9F1521AA1D64B44C00B264B0 /* LaunchScreen.storyboard in Resources */,
				9F1521A71D64B44C00B264B0 /* Assets.xcassets in Resources */,
				9F1521A51D64B44C00B264B0 /* Main.storyboard in Resources */,
			);
			runOnlyForDeploymentPostprocessing = 0;
		};
		9F1521AE1D64B44C00B264B0 /* Resources */ = {
			isa = PBXResourcesBuildPhase;
			buildActionMask = 2147483647;
			files = (
			);
			runOnlyForDeploymentPostprocessing = 0;
		};
		9F1521B91D64B44C00B264B0 /* Resources */ = {
			isa = PBXResourcesBuildPhase;
			buildActionMask = 2147483647;
			files = (
			);
			runOnlyForDeploymentPostprocessing = 0;
		};
/* End PBXResourcesBuildPhase section */

/* Begin PBXShellScriptBuildPhase section */
		6CB38A9F153C4A370E2CEC61 /* [CP] Check Pods Manifest.lock */ = {
			isa = PBXShellScriptBuildPhase;
			buildActionMask = 2147483647;
			files = (
			);
			inputPaths = (
			);
			name = "[CP] Check Pods Manifest.lock";
			outputPaths = (
			);
			runOnlyForDeploymentPostprocessing = 0;
			shellPath = /bin/sh;
			shellScript = "diff \"${PODS_ROOT}/../Podfile.lock\" \"${PODS_ROOT}/Manifest.lock\" > /dev/null\nif [[ $? != 0 ]] ; then\n    cat << EOM\nerror: The sandbox is not in sync with the Podfile.lock. Run 'pod install' or update your CocoaPods installation.\nEOM\n    exit 1\nfi\n";
			showEnvVarsInLog = 0;
		};
		91E13C784E6DEAE4479DE349 /* [CP] Copy Pods Resources */ = {
			isa = PBXShellScriptBuildPhase;
			buildActionMask = 2147483647;
			files = (
			);
			inputPaths = (
			);
			name = "[CP] Copy Pods Resources";
			outputPaths = (
			);
			runOnlyForDeploymentPostprocessing = 0;
			shellPath = /bin/sh;
			shellScript = "\"${SRCROOT}/Pods/Target Support Files/Pods-Arcohol/Pods-Arcohol-resources.sh\"\n";
			showEnvVarsInLog = 0;
		};
		C4BCC4BE65CC058E1F1EF4CF /* [CP] Embed Pods Frameworks */ = {
			isa = PBXShellScriptBuildPhase;
			buildActionMask = 2147483647;
			files = (
			);
			inputPaths = (
			);
			name = "[CP] Embed Pods Frameworks";
			outputPaths = (
			);
			runOnlyForDeploymentPostprocessing = 0;
			shellPath = /bin/sh;
			shellScript = "\"${SRCROOT}/Pods/Target Support Files/Pods-Arcohol/Pods-Arcohol-frameworks.sh\"\n";
			showEnvVarsInLog = 0;
		};
/* End PBXShellScriptBuildPhase section */

/* Begin PBXSourcesBuildPhase section */
		9F1521981D64B44C00B264B0 /* Sources */ = {
			isa = PBXSourcesBuildPhase;
			buildActionMask = 2147483647;
			files = (
				9F1521A21D64B44C00B264B0 /* ViewController.swift in Sources */,
				9F1521A01D64B44C00B264B0 /* AppDelegate.swift in Sources */,
			);
			runOnlyForDeploymentPostprocessing = 0;
		};
		9F1521AC1D64B44C00B264B0 /* Sources */ = {
			isa = PBXSourcesBuildPhase;
			buildActionMask = 2147483647;
			files = (
				9F1521B51D64B44C00B264B0 /* ArcoholTests.swift in Sources */,
			);
			runOnlyForDeploymentPostprocessing = 0;
		};
		9F1521B71D64B44C00B264B0 /* Sources */ = {
			isa = PBXSourcesBuildPhase;
			buildActionMask = 2147483647;
			files = (
				9F1521C01D64B44C00B264B0 /* ArcoholUITests.swift in Sources */,
			);
			runOnlyForDeploymentPostprocessing = 0;
		};
/* End PBXSourcesBuildPhase section */

/* Begin PBXTargetDependency section */
		9F1521B21D64B44C00B264B0 /* PBXTargetDependency */ = {
			isa = PBXTargetDependency;
			target = 9F15219B1D64B44C00B264B0 /* Arcohol */;
			targetProxy = 9F1521B11D64B44C00B264B0 /* PBXContainerItemProxy */;
		};
		9F1521BD1D64B44C00B264B0 /* PBXTargetDependency */ = {
			isa = PBXTargetDependency;
			target = 9F15219B1D64B44C00B264B0 /* Arcohol */;
			targetProxy = 9F1521BC1D64B44C00B264B0 /* PBXContainerItemProxy */;
		};
/* End PBXTargetDependency section */

/* Begin PBXVariantGroup section */
		9F1521A31D64B44C00B264B0 /* Main.storyboard */ = {
			isa = PBXVariantGroup;
			children = (
				9F1521A41D64B44C00B264B0 /* Base */,
			);
			name = Main.storyboard;
			sourceTree = "<group>";
		};
		9F1521A81D64B44C00B264B0 /* LaunchScreen.storyboard */ = {
			isa = PBXVariantGroup;
			children = (
				9F1521A91D64B44C00B264B0 /* Base */,
			);
			name = LaunchScreen.storyboard;
			sourceTree = "<group>";
		};
/* End PBXVariantGroup section */

/* Begin XCBuildConfiguration section */
		9F1521C21D64B44C00B264B0 /* Debug */ = {
			isa = XCBuildConfiguration;
			buildSettings = {
				ALWAYS_SEARCH_USER_PATHS = NO;
				CLANG_ANALYZER_NONNULL = YES;
				CLANG_CXX_LANGUAGE_STANDARD = "gnu++0x";
				CLANG_CXX_LIBRARY = "libc++";
				CLANG_ENABLE_MODULES = YES;
				CLANG_ENABLE_OBJC_ARC = YES;
				CLANG_WARN_BOOL_CONVERSION = YES;
				CLANG_WARN_CONSTANT_CONVERSION = YES;
				CLANG_WARN_DIRECT_OBJC_ISA_USAGE = YES_ERROR;
				CLANG_WARN_EMPTY_BODY = YES;
				CLANG_WARN_ENUM_CONVERSION = YES;
				CLANG_WARN_INT_CONVERSION = YES;
				CLANG_WARN_OBJC_ROOT_CLASS = YES_ERROR;
				CLANG_WARN_UNREACHABLE_CODE = YES;
				CLANG_WARN__DUPLICATE_METHOD_MATCH = YES;
				"CODE_SIGN_IDENTITY[sdk=iphoneos*]" = "iPhone Developer";
				COPY_PHASE_STRIP = NO;
				DEBUG_INFORMATION_FORMAT = dwarf;
				ENABLE_STRICT_OBJC_MSGSEND = YES;
				ENABLE_TESTABILITY = YES;
				GCC_C_LANGUAGE_STANDARD = gnu99;
				GCC_DYNAMIC_NO_PIC = NO;
				GCC_NO_COMMON_BLOCKS = YES;
				GCC_OPTIMIZATION_LEVEL = 0;
				GCC_PREPROCESSOR_DEFINITIONS = (
					"DEBUG=1",
					"$(inherited)",
				);
				GCC_WARN_64_TO_32_BIT_CONVERSION = YES;
				GCC_WARN_ABOUT_RETURN_TYPE = YES_ERROR;
				GCC_WARN_UNDECLARED_SELECTOR = YES;
				GCC_WARN_UNINITIALIZED_AUTOS = YES_AGGRESSIVE;
				GCC_WARN_UNUSED_FUNCTION = YES;
				GCC_WARN_UNUSED_VARIABLE = YES;
				IPHONEOS_DEPLOYMENT_TARGET = 9.3;
				MTL_ENABLE_DEBUG_INFO = YES;
				ONLY_ACTIVE_ARCH = YES;
				SDKROOT = iphoneos;
				SWIFT_OPTIMIZATION_LEVEL = "-Onone";
				TARGETED_DEVICE_FAMILY = "1,2";
			};
			name = Debug;
		};
		9F1521C31D64B44C00B264B0 /* Release */ = {
			isa = XCBuildConfiguration;
			buildSettings = {
				ALWAYS_SEARCH_USER_PATHS = NO;
				CLANG_ANALYZER_NONNULL = YES;
				CLANG_CXX_LANGUAGE_STANDARD = "gnu++0x";
				CLANG_CXX_LIBRARY = "libc++";
				CLANG_ENABLE_MODULES = YES;
				CLANG_ENABLE_OBJC_ARC = YES;
				CLANG_WARN_BOOL_CONVERSION = YES;
				CLANG_WARN_CONSTANT_CONVERSION = YES;
				CLANG_WARN_DIRECT_OBJC_ISA_USAGE = YES_ERROR;
				CLANG_WARN_EMPTY_BODY = YES;
				CLANG_WARN_ENUM_CONVERSION = YES;
				CLANG_WARN_INT_CONVERSION = YES;
				CLANG_WARN_OBJC_ROOT_CLASS = YES_ERROR;
				CLANG_WARN_UNREACHABLE_CODE = YES;
				CLANG_WARN__DUPLICATE_METHOD_MATCH = YES;
				"CODE_SIGN_IDENTITY[sdk=iphoneos*]" = "iPhone Developer";
				COPY_PHASE_STRIP = NO;
				DEBUG_INFORMATION_FORMAT = "dwarf-with-dsym";
				ENABLE_NS_ASSERTIONS = NO;
				ENABLE_STRICT_OBJC_MSGSEND = YES;
				GCC_C_LANGUAGE_STANDARD = gnu99;
				GCC_NO_COMMON_BLOCKS = YES;
				GCC_WARN_64_TO_32_BIT_CONVERSION = YES;
				GCC_WARN_ABOUT_RETURN_TYPE = YES_ERROR;
				GCC_WARN_UNDECLARED_SELECTOR = YES;
				GCC_WARN_UNINITIALIZED_AUTOS = YES_AGGRESSIVE;
				GCC_WARN_UNUSED_FUNCTION = YES;
				GCC_WARN_UNUSED_VARIABLE = YES;
				IPHONEOS_DEPLOYMENT_TARGET = 9.3;
				MTL_ENABLE_DEBUG_INFO = NO;
				SDKROOT = iphoneos;
				TARGETED_DEVICE_FAMILY = "1,2";
				VALIDATE_PRODUCT = YES;
			};
			name = Release;
		};
		9F1521C51D64B44C00B264B0 /* Debug */ = {
			isa = XCBuildConfiguration;
			baseConfigurationReference = C1C016B2B82328F6D95A36AC /* Pods-Arcohol.debug.xcconfig */;
			buildSettings = {
				ASSETCATALOG_COMPILER_APPICON_NAME = AppIcon;
				INFOPLIST_FILE = Arcohol/Info.plist;
				IPHONEOS_DEPLOYMENT_TARGET = 8.0;
				LD_RUNPATH_SEARCH_PATHS = "$(inherited) @executable_path/Frameworks";
				PRODUCT_BUNDLE_IDENTIFIER = manuel.marcos.Arcohol;
				PRODUCT_NAME = "$(TARGET_NAME)";
			};
			name = Debug;
		};
		9F1521C61D64B44C00B264B0 /* Release */ = {
			isa = XCBuildConfiguration;
			baseConfigurationReference = C21443A2F8BB465444B72894 /* Pods-Arcohol.release.xcconfig */;
			buildSettings = {
				ASSETCATALOG_COMPILER_APPICON_NAME = AppIcon;
				INFOPLIST_FILE = Arcohol/Info.plist;
				IPHONEOS_DEPLOYMENT_TARGET = 8.0;
				LD_RUNPATH_SEARCH_PATHS = "$(inherited) @executable_path/Frameworks";
				PRODUCT_BUNDLE_IDENTIFIER = manuel.marcos.Arcohol;
				PRODUCT_NAME = "$(TARGET_NAME)";
			};
			name = Release;
		};
		9F1521C81D64B44C00B264B0 /* Debug */ = {
			isa = XCBuildConfiguration;
			buildSettings = {
				BUNDLE_LOADER = "$(TEST_HOST)";
				INFOPLIST_FILE = ArcoholTests/Info.plist;
				LD_RUNPATH_SEARCH_PATHS = "$(inherited) @executable_path/Frameworks @loader_path/Frameworks";
				PRODUCT_BUNDLE_IDENTIFIER = manuel.marcos.ArcoholTests;
				PRODUCT_NAME = "$(TARGET_NAME)";
				TEST_HOST = "$(BUILT_PRODUCTS_DIR)/Arcohol.app/Arcohol";
			};
			name = Debug;
		};
		9F1521C91D64B44C00B264B0 /* Release */ = {
			isa = XCBuildConfiguration;
			buildSettings = {
				BUNDLE_LOADER = "$(TEST_HOST)";
				INFOPLIST_FILE = ArcoholTests/Info.plist;
				LD_RUNPATH_SEARCH_PATHS = "$(inherited) @executable_path/Frameworks @loader_path/Frameworks";
				PRODUCT_BUNDLE_IDENTIFIER = manuel.marcos.ArcoholTests;
				PRODUCT_NAME = "$(TARGET_NAME)";
				TEST_HOST = "$(BUILT_PRODUCTS_DIR)/Arcohol.app/Arcohol";
			};
			name = Release;
		};
		9F1521CB1D64B44C00B264B0 /* Debug */ = {
			isa = XCBuildConfiguration;
			buildSettings = {
				INFOPLIST_FILE = ArcoholUITests/Info.plist;
				LD_RUNPATH_SEARCH_PATHS = "$(inherited) @executable_path/Frameworks @loader_path/Frameworks";
				PRODUCT_BUNDLE_IDENTIFIER = manuel.marcos.ArcoholUITests;
				PRODUCT_NAME = "$(TARGET_NAME)";
				TEST_TARGET_NAME = Arcohol;
			};
			name = Debug;
		};
		9F1521CC1D64B44C00B264B0 /* Release */ = {
			isa = XCBuildConfiguration;
			buildSettings = {
				INFOPLIST_FILE = ArcoholUITests/Info.plist;
				LD_RUNPATH_SEARCH_PATHS = "$(inherited) @executable_path/Frameworks @loader_path/Frameworks";
				PRODUCT_BUNDLE_IDENTIFIER = manuel.marcos.ArcoholUITests;
				PRODUCT_NAME = "$(TARGET_NAME)";
				TEST_TARGET_NAME = Arcohol;
			};
			name = Release;
		};
/* End XCBuildConfiguration section */

/* Begin XCConfigurationList section */
		9F1521971D64B44C00B264B0 /* Build configuration list for PBXProject "Arcohol" */ = {
			isa = XCConfigurationList;
			buildConfigurations = (
				9F1521C21D64B44C00B264B0 /* Debug */,
				9F1521C31D64B44C00B264B0 /* Release */,
			);
			defaultConfigurationIsVisible = 0;
			defaultConfigurationName = Release;
		};
		9F1521C41D64B44C00B264B0 /* Build configuration list for PBXNativeTarget "Arcohol" */ = {
			isa = XCConfigurationList;
			buildConfigurations = (
				9F1521C51D64B44C00B264B0 /* Debug */,
				9F1521C61D64B44C00B264B0 /* Release */,
			);
			defaultConfigurationIsVisible = 0;
			defaultConfigurationName = Release;
		};
		9F1521C71D64B44C00B264B0 /* Build configuration list for PBXNativeTarget "ArcoholTests" */ = {
			isa = XCConfigurationList;
			buildConfigurations = (
				9F1521C81D64B44C00B264B0 /* Debug */,
				9F1521C91D64B44C00B264B0 /* Release */,
			);
			defaultConfigurationIsVisible = 0;
			defaultConfigurationName = Release;
		};
		9F1521CA1D64B44C00B264B0 /* Build configuration list for PBXNativeTarget "ArcoholUITests" */ = {
			isa = XCConfigurationList;
			buildConfigurations = (
				9F1521CB1D64B44C00B264B0 /* Debug */,
				9F1521CC1D64B44C00B264B0 /* Release */,
			);
			defaultConfigurationIsVisible = 0;
			defaultConfigurationName = Release;
		};
/* End XCConfigurationList section */
	};
	rootObject = 9F1521941D64B44C00B264B0 /* Project object */;
}
